// !$*UTF8*$!
{
	archiveVersion = 1;
	classes = {
	};
	objectVersion = 50;
	objects = {

/* Begin PBXBuildFile section */
		FA95B031262FF0AA00D32054 /* AppDelegate.swift in Sources */ = {isa = PBXBuildFile; fileRef = FA95B030262FF0AA00D32054 /* AppDelegate.swift */; };
		FA95B033262FF0AA00D32054 /* SceneDelegate.swift in Sources */ = {isa = PBXBuildFile; fileRef = FA95B032262FF0AA00D32054 /* SceneDelegate.swift */; };
		FA95B035262FF0AA00D32054 /* ViewController.swift in Sources */ = {isa = PBXBuildFile; fileRef = FA95B034262FF0AA00D32054 /* ViewController.swift */; };
		FA95B038262FF0AA00D32054 /* Main.storyboard in Resources */ = {isa = PBXBuildFile; fileRef = FA95B036262FF0AA00D32054 /* Main.storyboard */; };
		FA95B03A262FF0AC00D32054 /* Assets.xcassets in Resources */ = {isa = PBXBuildFile; fileRef = FA95B039262FF0AC00D32054 /* Assets.xcassets */; };
		FA95B03D262FF0AC00D32054 /* LaunchScreen.storyboard in Resources */ = {isa = PBXBuildFile; fileRef = FA95B03B262FF0AC00D32054 /* LaunchScreen.storyboard */; };
		FA95B08E262FF1C800D32054 /* Framework1.framework in Frameworks */ = {isa = PBXBuildFile; fileRef = FA95B08D262FF1C800D32054 /* Framework1.framework */; };
		FA95B08F262FF1C800D32054 /* Framework1.framework in Embed Frameworks */ = {isa = PBXBuildFile; fileRef = FA95B08D262FF1C800D32054 /* Framework1.framework */; settings = {ATTRIBUTES = (CodeSignOnCopy, RemoveHeadersOnCopy, ); }; };
/* End PBXBuildFile section */

/* Begin PBXCopyFilesBuildPhase section */
		FA95B090262FF1C800D32054 /* Embed Frameworks */ = {
			isa = PBXCopyFilesBuildPhase;
			buildActionMask = 2147483647;
			dstPath = "";
			dstSubfolderSpec = 10;
			files = (
				FA95B08F262FF1C800D32054 /* Framework1.framework in Embed Frameworks */,
			);
			name = "Embed Frameworks";
			runOnlyForDeploymentPostprocessing = 0;
		};
/* End PBXCopyFilesBuildPhase section */

/* Begin PBXFileReference section */
		FA95B02D262FF0AA00D32054 /* Demo1.app */ = {isa = PBXFileReference; explicitFileType = wrapper.application; includeInIndex = 0; path = Demo1.app; sourceTree = BUILT_PRODUCTS_DIR; };
		FA95B030262FF0AA00D32054 /* AppDelegate.swift */ = {isa = PBXFileReference; lastKnownFileType = sourcecode.swift; path = AppDelegate.swift; sourceTree = "<group>"; };
		FA95B032262FF0AA00D32054 /* SceneDelegate.swift */ = {isa = PBXFileReference; lastKnownFileType = sourcecode.swift; path = SceneDelegate.swift; sourceTree = "<group>"; };
		FA95B034262FF0AA00D32054 /* ViewController.swift */ = {isa = PBXFileReference; lastKnownFileType = sourcecode.swift; path = ViewController.swift; sourceTree = "<group>"; };
		FA95B037262FF0AA00D32054 /* Base */ = {isa = PBXFileReference; lastKnownFileType = file.storyboard; name = Base; path = Base.lproj/Main.storyboard; sourceTree = "<group>"; };
		FA95B039262FF0AC00D32054 /* Assets.xcassets */ = {isa = PBXFileReference; lastKnownFileType = folder.assetcatalog; path = Assets.xcassets; sourceTree = "<group>"; };
		FA95B03C262FF0AC00D32054 /* Base */ = {isa = PBXFileReference; lastKnownFileType = file.storyboard; name = Base; path = Base.lproj/LaunchScreen.storyboard; sourceTree = "<group>"; };
		FA95B03E262FF0AC00D32054 /* Info.plist */ = {isa = PBXFileReference; lastKnownFileType = text.plist.xml; path = Info.plist; sourceTree = "<group>"; };
		FA95B08D262FF1C800D32054 /* Framework1.framework */ = {isa = PBXFileReference; explicitFileType = wrapper.framework; path = Framework1.framework; sourceTree = BUILT_PRODUCTS_DIR; };
/* End PBXFileReference section */

/* Begin PBXFrameworksBuildPhase section */
		FA95B02A262FF0AA00D32054 /* Frameworks */ = {
			isa = PBXFrameworksBuildPhase;
			buildActionMask = 2147483647;
			files = (
				FA95B08E262FF1C800D32054 /* Framework1.framework in Frameworks */,
			);
			runOnlyForDeploymentPostprocessing = 0;
		};
/* End PBXFrameworksBuildPhase section */

/* Begin PBXGroup section */
		FA95B024262FF0AA00D32054 = {
			isa = PBXGroup;
			children = (
				FA95B02F262FF0AA00D32054 /* Demo1 */,
				FA95B02E262FF0AA00D32054 /* Products */,
				FA95B08C262FF1C800D32054 /* Frameworks */,
			);
			sourceTree = "<group>";
		};
		FA95B02E262FF0AA00D32054 /* Products */ = {
			isa = PBXGroup;
			children = (
				FA95B02D262FF0AA00D32054 /* Demo1.app */,
			);
			name = Products;
			sourceTree = "<group>";
		};
		FA95B02F262FF0AA00D32054 /* Demo1 */ = {
			isa = PBXGroup;
			children = (
				FA95B030262FF0AA00D32054 /* AppDelegate.swift */,
				FA95B032262FF0AA00D32054 /* SceneDelegate.swift */,
				FA95B034262FF0AA00D32054 /* ViewController.swift */,
				FA95B036262FF0AA00D32054 /* Main.storyboard */,
				FA95B039262FF0AC00D32054 /* Assets.xcassets */,
				FA95B03B262FF0AC00D32054 /* LaunchScreen.storyboard */,
				FA95B03E262FF0AC00D32054 /* Info.plist */,
			);
			path = Demo1;
			sourceTree = "<group>";
		};
		FA95B08C262FF1C800D32054 /* Frameworks */ = {
			isa = PBXGroup;
			children = (
				FA95B08D262FF1C800D32054 /* Framework1.framework */,
			);
			name = Frameworks;
			sourceTree = "<group>";
		};
/* End PBXGroup section */

/* Begin PBXNativeTarget section */
		FA95B02C262FF0AA00D32054 /* Demo1 */ = {
			isa = PBXNativeTarget;
			buildConfigurationList = FA95B041262FF0AC00D32054 /* Build configuration list for PBXNativeTarget "Demo1" */;
			buildPhases = (
				FA95B029262FF0AA00D32054 /* Sources */,
				FA95B02A262FF0AA00D32054 /* Frameworks */,
				FA95B02B262FF0AA00D32054 /* Resources */,
				FA95B090262FF1C800D32054 /* Embed Frameworks */,
			);
			buildRules = (
			);
			dependencies = (
			);
			name = Demo1;
			productName = Demo1;
			productReference = FA95B02D262FF0AA00D32054 /* Demo1.app */;
			productType = "com.apple.product-type.application";
		};
/* End PBXNativeTarget section */

/* Begin PBXProject section */
		FA95B025262FF0AA00D32054 /* Project object */ = {
			isa = PBXProject;
			attributes = {
				LastSwiftUpdateCheck = 1240;
				LastUpgradeCheck = 1240;
				TargetAttributes = {
					FA95B02C262FF0AA00D32054 = {
						CreatedOnToolsVersion = 12.4;
					};
				};
			};
			buildConfigurationList = FA95B028262FF0AA00D32054 /* Build configuration list for PBXProject "Demo1" */;
			compatibilityVersion = "Xcode 9.3";
			developmentRegion = en;
			hasScannedForEncodings = 0;
			knownRegions = (
				en,
				Base,
			);
			mainGroup = FA95B024262FF0AA00D32054;
			productRefGroup = FA95B02E262FF0AA00D32054 /* Products */;
			projectDirPath = "";
			projectRoot = "";
			targets = (
				FA95B02C262FF0AA00D32054 /* Demo1 */,
			);
		};
/* End PBXProject section */

/* Begin PBXResourcesBuildPhase section */
		FA95B02B262FF0AA00D32054 /* Resources */ = {
			isa = PBXResourcesBuildPhase;
			buildActionMask = 2147483647;
			files = (
				FA95B03D262FF0AC00D32054 /* LaunchScreen.storyboard in Resources */,
				FA95B03A262FF0AC00D32054 /* Assets.xcassets in Resources */,
				FA95B038262FF0AA00D32054 /* Main.storyboard in Resources */,
			);
			runOnlyForDeploymentPostprocessing = 0;
		};
/* End PBXResourcesBuildPhase section */

/* Begin PBXSourcesBuildPhase section */
		FA95B029262FF0AA00D32054 /* Sources */ = {
			isa = PBXSourcesBuildPhase;
			buildActionMask = 2147483647;
			files = (
				FA95B035262FF0AA00D32054 /* ViewController.swift in Sources */,
				FA95B031262FF0AA00D32054 /* AppDelegate.swift in Sources */,
				FA95B033262FF0AA00D32054 /* SceneDelegate.swift in Sources */,
			);
			runOnlyForDeploymentPostprocessing = 0;
		};
/* End PBXSourcesBuildPhase section */

/* Begin PBXVariantGroup section */
		FA95B036262FF0AA00D32054 /* Main.storyboard */ = {
			isa = PBXVariantGroup;
			children = (
				FA95B037262FF0AA00D32054 /* Base */,
			);
			name = Main.storyboard;
			sourceTree = "<group>";
		};
		FA95B03B262FF0AC00D32054 /* LaunchScreen.storyboard */ = {
			isa = PBXVariantGroup;
			children = (
				FA95B03C262FF0AC00D32054 /* Base */,
			);
			name = LaunchScreen.storyboard;
			sourceTree = "<group>";
		};
/* End PBXVariantGroup section */

/* Begin XCBuildConfiguration section */
		FA95B03F262FF0AC00D32054 /* Debug */ = {
			isa = XCBuildConfiguration;
			buildSettings = {
				ALWAYS_SEARCH_USER_PATHS = NO;
				CLANG_ANALYZER_NONNULL = YES;
				CLANG_ANALYZER_NUMBER_OBJECT_CONVERSION = YES_AGGRESSIVE;
				CLANG_CXX_LANGUAGE_STANDARD = "gnu++14";
				CLANG_CXX_LIBRARY = "libc++";
				CLANG_ENABLE_MODULES = YES;
				CLANG_ENABLE_OBJC_ARC = YES;
				CLANG_ENABLE_OBJC_WEAK = YES;
				CLANG_WARN_BLOCK_CAPTURE_AUTORELEASING = YES;
				CLANG_WARN_BOOL_CONVERSION = YES;
				CLANG_WARN_COMMA = YES;
				CLANG_WARN_CONSTANT_CONVERSION = YES;
				CLANG_WARN_DEPRECATED_OBJC_IMPLEMENTATIONS = YES;
				CLANG_WARN_DIRECT_OBJC_ISA_USAGE = YES_ERROR;
				CLANG_WARN_DOCUMENTATION_COMMENTS = YES;
				CLANG_WARN_EMPTY_BODY = YES;
				CLANG_WARN_ENUM_CONVERSION = YES;
				CLANG_WARN_INFINITE_RECURSION = YES;
				CLANG_WARN_INT_CONVERSION = YES;
				CLANG_WARN_NON_LITERAL_NULL_CONVERSION = YES;
				CLANG_WARN_OBJC_IMPLICIT_RETAIN_SELF = YES;
				CLANG_WARN_OBJC_LITERAL_CONVERSION = YES;
				CLANG_WARN_OBJC_ROOT_CLASS = YES_ERROR;
				CLANG_WARN_QUOTED_INCLUDE_IN_FRAMEWORK_HEADER = YES;
				CLANG_WARN_RANGE_LOOP_ANALYSIS = YES;
				CLANG_WARN_STRICT_PROTOTYPES = YES;
				CLANG_WARN_SUSPICIOUS_MOVE = YES;
				CLANG_WARN_UNGUARDED_AVAILABILITY = YES_AGGRESSIVE;
				CLANG_WARN_UNREACHABLE_CODE = YES;
				CLANG_WARN__DUPLICATE_METHOD_MATCH = YES;
				COPY_PHASE_STRIP = NO;
				DEBUG_INFORMATION_FORMAT = dwarf;
				ENABLE_STRICT_OBJC_MSGSEND = YES;
				ENABLE_TESTABILITY = YES;
				GCC_C_LANGUAGE_STANDARD = gnu11;
				GCC_DYNAMIC_NO_PIC = NO;
				GCC_NO_COMMON_BLOCKS = YES;
				GCC_OPTIMIZATION_LEVEL = 0;
				GCC_PREPROCESSOR_DEFINITIONS = (
					"DEBUG=1",
					"$(inherited)",
				);
				GCC_WARN_64_TO_32_BIT_CONVERSION = YES;
				GCC_WARN_ABOUT_RETURN_TYPE = YES_ERROR;
				GCC_WARN_UNDECLARED_SELECTOR = YES;
				GCC_WARN_UNINITIALIZED_AUTOS = YES_AGGRESSIVE;
				GCC_WARN_UNUSED_FUNCTION = YES;
				GCC_WARN_UNUSED_VARIABLE = YES;
				IPHONEOS_DEPLOYMENT_TARGET = 14.4;
				MTL_ENABLE_DEBUG_INFO = INCLUDE_SOURCE;
				MTL_FAST_MATH = YES;
				ONLY_ACTIVE_ARCH = YES;
				SDKROOT = iphoneos;
				SWIFT_ACTIVE_COMPILATION_CONDITIONS = DEBUG;
				SWIFT_OPTIMIZATION_LEVEL = "-Onone";
			};
			name = Debug;
		};
		FA95B040262FF0AC00D32054 /* Release */ = {
			isa = XCBuildConfiguration;
			buildSettings = {
				ALWAYS_SEARCH_USER_PATHS = NO;
				CLANG_ANALYZER_NONNULL = YES;
				CLANG_ANALYZER_NUMBER_OBJECT_CONVERSION = YES_AGGRESSIVE;
				CLANG_CXX_LANGUAGE_STANDARD = "gnu++14";
				CLANG_CXX_LIBRARY = "libc++";
				CLANG_ENABLE_MODULES = YES;
				CLANG_ENABLE_OBJC_ARC = YES;
				CLANG_ENABLE_OBJC_WEAK = YES;
				CLANG_WARN_BLOCK_CAPTURE_AUTORELEASING = YES;
				CLANG_WARN_BOOL_CONVERSION = YES;
				CLANG_WARN_COMMA = YES;
				CLANG_WARN_CONSTANT_CONVERSION = YES;
				CLANG_WARN_DEPRECATED_OBJC_IMPLEMENTATIONS = YES;
				CLANG_WARN_DIRECT_OBJC_ISA_USAGE = YES_ERROR;
				CLANG_WARN_DOCUMENTATION_COMMENTS = YES;
				CLANG_WARN_EMPTY_BODY = YES;
				CLANG_WARN_ENUM_CONVERSION = YES;
				CLANG_WARN_INFINITE_RECURSION = YES;
				CLANG_WARN_INT_CONVERSION = YES;
				CLANG_WARN_NON_LITERAL_NULL_CONVERSION = YES;
				CLANG_WARN_OBJC_IMPLICIT_RETAIN_SELF = YES;
				CLANG_WARN_OBJC_LITERAL_CONVERSION = YES;
				CLANG_WARN_OBJC_ROOT_CLASS = YES_ERROR;
				CLANG_WARN_QUOTED_INCLUDE_IN_FRAMEWORK_HEADER = YES;
				CLANG_WARN_RANGE_LOOP_ANALYSIS = YES;
				CLANG_WARN_STRICT_PROTOTYPES = YES;
				CLANG_WARN_SUSPICIOUS_MOVE = YES;
				CLANG_WARN_UNGUARDED_AVAILABILITY = YES_AGGRESSIVE;
				CLANG_WARN_UNREACHABLE_CODE = YES;
				CLANG_WARN__DUPLICATE_METHOD_MATCH = YES;
				COPY_PHASE_STRIP = NO;
				DEBUG_INFORMATION_FORMAT = "dwarf-with-dsym";
				ENABLE_NS_ASSERTIONS = NO;
				ENABLE_STRICT_OBJC_MSGSEND = YES;
				GCC_C_LANGUAGE_STANDARD = gnu11;
				GCC_NO_COMMON_BLOCKS = YES;
				GCC_WARN_64_TO_32_BIT_CONVERSION = YES;
				GCC_WARN_ABOUT_RETURN_TYPE = YES_ERROR;
				GCC_WARN_UNDECLARED_SELECTOR = YES;
				GCC_WARN_UNINITIALIZED_AUTOS = YES_AGGRESSIVE;
				GCC_WARN_UNUSED_FUNCTION = YES;
				GCC_WARN_UNUSED_VARIABLE = YES;
				IPHONEOS_DEPLOYMENT_TARGET = 14.4;
				MTL_ENABLE_DEBUG_INFO = NO;
				MTL_FAST_MATH = YES;
				SDKROOT = iphoneos;
				SWIFT_COMPILATION_MODE = wholemodule;
				SWIFT_OPTIMIZATION_LEVEL = "-O";
				VALIDATE_PRODUCT = YES;
			};
			name = Release;
		};
		FA95B042262FF0AC00D32054 /* Debug */ = {
			isa = XCBuildConfiguration;
			buildSettings = {
				ASSETCATALOG_COMPILER_APPICON_NAME = AppIcon;
				ASSETCATALOG_COMPILER_GLOBAL_ACCENT_COLOR_NAME = AccentColor;
				CODE_SIGN_STYLE = Automatic;
				DEVELOPMENT_TEAM = WG5V7B83H4;
				INFOPLIST_FILE = Demo1/Info.plist;
				LD_RUNPATH_SEARCH_PATHS = (
					"$(inherited)",
					"@executable_path/Frameworks",
				);
				PRODUCT_BUNDLE_IDENTIFIER = ca.iotpay.Demo1;
				PRODUCT_NAME = "$(TARGET_NAME)";
				SWIFT_VERSION = 5.0;
				TARGETED_DEVICE_FAMILY = "1,2";
			};
			name = Debug;
		};
		FA95B043262FF0AC00D32054 /* Release */ = {
			isa = XCBuildConfiguration;
			buildSettings = {
				ASSETCATALOG_COMPILER_APPICON_NAME = AppIcon;
				ASSETCATALOG_COMPILER_GLOBAL_ACCENT_COLOR_NAME = AccentColor;
				CODE_SIGN_STYLE = Automatic;
				DEVELOPMENT_TEAM = WG5V7B83H4;
				INFOPLIST_FILE = Demo1/Info.plist;
				LD_RUNPATH_SEARCH_PATHS = (
					"$(inherited)",
					"@executable_path/Frameworks",
				);
				PRODUCT_BUNDLE_IDENTIFIER = ca.iotpay.Demo1;
				PRODUCT_NAME = "$(TARGET_NAME)";
				SWIFT_VERSION = 5.0;
				TARGETED_DEVICE_FAMILY = "1,2";
			};
			name = Release;
		};
/* End XCBuildConfiguration section */

/* Begin XCConfigurationList section */
		FA95B028262FF0AA00D32054 /* Build configuration list for PBXProject "Demo1" */ = {
			isa = XCConfigurationList;
			buildConfigurations = (
				FA95B03F262FF0AC00D32054 /* Debug */,
				FA95B040262FF0AC00D32054 /* Release */,
			);
			defaultConfigurationIsVisible = 0;
			defaultConfigurationName = Release;
		};
		FA95B041262FF0AC00D32054 /* Build configuration list for PBXNativeTarget "Demo1" */ = {
			isa = XCConfigurationList;
			buildConfigurations = (
				FA95B042262FF0AC00D32054 /* Debug */,
				FA95B043262FF0AC00D32054 /* Release */,
			);
			defaultConfigurationIsVisible = 0;
			defaultConfigurationName = Release;
		};
/* End XCConfigurationList section */
	};
	rootObject = FA95B025262FF0AA00D32054 /* Project object */;
}
